
Microsoft Visual Studio Solution File, Format Version 12.00
# Visual Studio Version 16
VisualStudioVersion = 16.0.30804.86
MinimumVisualStudioVersion = 10.0.40219.1
Project("{FAE04EC0-301F-11D3-BF4B-00C04F79EFBC}") = "Core", "Core\Core.csproj", "{9AA62149-B217-48D4-93EA-294704236616}"
EndProject
Project("{FAE04EC0-301F-11D3-BF4B-00C04F79EFBC}") = "CoreTestApp", "CoreTestApp\CoreTestApp.csproj", "{348549CB-E1AC-422C-9FCB-3C5F06181B6E}"
EndProject
Project("{FAE04EC0-301F-11D3-BF4B-00C04F79EFBC}") = "RingBufferTests", "RingBufferTests\RingBufferTests.csproj", "{AC800C2C-E300-46E7-A162-CA3424F97BF0}"
EndProject
Global
	GlobalSection(SolutionConfigurationPlatforms) = preSolution
		Debug|Any CPU = Debug|Any CPU
		Release|Any CPU = Release|Any CPU
	EndGlobalSection
	GlobalSection(ProjectConfigurationPlatforms) = postSolution
		{9AA62149-B217-48D4-93EA-294704236616}.Debug|Any CPU.ActiveCfg = Debug|Any CPU
		{9AA62149-B217-48D4-93EA-294704236616}.Debug|Any CPU.Build.0 = Debug|Any CPU
		{9AA62149-B217-48D4-93EA-294704236616}.Release|Any CPU.ActiveCfg = Release|Any CPU
		{9AA62149-B217-48D4-93EA-294704236616}.Release|Any CPU.Build.0 = Release|Any CPU
		{348549CB-E1AC-422C-9FCB-3C5F06181B6E}.Debug|Any CPU.ActiveCfg = Debug|Any CPU
		{348549CB-E1AC-422C-9FCB-3C5F06181B6E}.Debug|Any CPU.Build.0 = Debug|Any CPU
		{348549CB-E1AC-422C-9FCB-3C5F06181B6E}.Release|Any CPU.ActiveCfg = Release|Any CPU
		{348549CB-E1AC-422C-9FCB-3C5F06181B6E}.Release|Any CPU.Build.0 = Release|Any CPU
		{AC800C2C-E300-46E7-A162-CA3424F97BF0}.Debug|Any CPU.ActiveCfg = Debug|Any CPU
		{AC800C2C-E300-46E7-A162-CA3424F97BF0}.Debug|Any CPU.Build.0 = Debug|Any CPU
		{AC800C2C-E300-46E7-A162-CA3424F97BF0}.Release|Any CPU.ActiveCfg = Release|Any CPU
		{AC800C2C-E300-46E7-A162-CA3424F97BF0}.Release|Any CPU.Build.0 = Release|Any CPU
	EndGlobalSection
	GlobalSection(SolutionProperties) = preSolution
		HideSolutionNode = FALSE
	EndGlobalSection
	GlobalSection(ExtensibilityGlobals) = postSolution
		SolutionGuid = {D38E1DED-8076-4A1B-8DAC-0DD69BDBD867}
	EndGlobalSection
EndGlobal
